
Microsoft Visual Studio Solution File, Format Version 12.00
# Visual Studio Version 17
VisualStudioVersion = 17.13.35825.156
MinimumVisualStudioVersion = 10.0.40219.1
Project("{FAE04EC0-301F-11D3-BF4B-00C04F79EFBC}") = "VpnHood.AppLib.Assets.Ip2LocationLite", "VpnHood.AppLib.Assets.Ip2LocationLite\VpnHood.AppLib.Assets.Ip2LocationLite.csproj", "{AD40333A-5E98-BC31-7DCA-85A303C93F45}"
EndProject
Global
	GlobalSection(SolutionConfigurationPlatforms) = preSolution
		Debug|Any CPU = Debug|Any CPU
		Release|Any CPU = Release|Any CPU
	EndGlobalSection
	GlobalSection(ProjectConfigurationPlatforms) = postSolution
		{AD40333A-5E98-BC31-7DCA-85A303C93F45}.Debug|Any CPU.ActiveCfg = Debug|Any CPU
		{AD40333A-5E98-BC31-7DCA-85A303C93F45}.Debug|Any CPU.Build.0 = Debug|Any CPU
		{AD40333A-5E98-BC31-7DCA-85A303C93F45}.Release|Any CPU.ActiveCfg = Release|Any CPU
		{AD40333A-5E98-BC31-7DCA-85A303C93F45}.Release|Any CPU.Build.0 = Release|Any CPU
	EndGlobalSection
	GlobalSection(SolutionProperties) = preSolution
		HideSolutionNode = FALSE
	EndGlobalSection
	GlobalSection(ExtensibilityGlobals) = postSolution
		SolutionGuid = {B165CC4D-5567-440E-8C24-772F97D30327}
	EndGlobalSection
EndGlobal
